// !$*UTF8*$!
{
	archiveVersion = 1;
	classes = {
	};
	objectVersion = 55;
	objects = {

/* Begin PBXBuildFile section */
		C390D908293FCAEE00430BDE /* SeeimApp.swift in Sources */ = {isa = PBXBuildFile; fileRef = C390D907293FCAEE00430BDE /* SeeimApp.swift */; };
		C390D90A293FCAEE00430BDE /* ContentView.swift in Sources */ = {isa = PBXBuildFile; fileRef = C390D909293FCAEE00430BDE /* ContentView.swift */; };
		C390D90C293FCB0100430BDE /* Assets.xcassets in Resources */ = {isa = PBXBuildFile; fileRef = C390D90B293FCB0100430BDE /* Assets.xcassets */; };
		C390D90F293FCB0100430BDE /* Preview Assets.xcassets in Resources */ = {isa = PBXBuildFile; fileRef = C390D90E293FCB0100430BDE /* Preview Assets.xcassets */; };
		C390D916293FCFBC00430BDE /* PhotoDataDownloadViewModel.swift in Sources */ = {isa = PBXBuildFile; fileRef = C390D915293FCFBC00430BDE /* PhotoDataDownloadViewModel.swift */; };
		C390D918293FCFCB00430BDE /* PhotoDownloadService.swift in Sources */ = {isa = PBXBuildFile; fileRef = C390D917293FCFCB00430BDE /* PhotoDownloadService.swift */; };
		C390D91A293FD04B00430BDE /* PhotosGalleryView.swift in Sources */ = {isa = PBXBuildFile; fileRef = C390D919293FD04B00430BDE /* PhotosGalleryView.swift */; };
		C390D91C293FD0F600430BDE /* PhotoModel.swift in Sources */ = {isa = PBXBuildFile; fileRef = C390D91B293FD0F600430BDE /* PhotoModel.swift */; };
		C390D91E294265DE00430BDE /* GallerySingleImageView.swift in Sources */ = {isa = PBXBuildFile; fileRef = C390D91D294265DE00430BDE /* GallerySingleImageView.swift */; };
		C390D9202942684200430BDE /* PhotoDownloadViewModel.swift in Sources */ = {isa = PBXBuildFile; fileRef = C390D91F2942684200430BDE /* PhotoDownloadViewModel.swift */; };
		C3E1136B294DEB07009939C8 /* PhotoFullView.swift in Sources */ = {isa = PBXBuildFile; fileRef = C3E1136A294DEB07009939C8 /* PhotoFullView.swift */; };
		C3E11392294E2643009939C8 /* ImagePredictor.swift in Sources */ = {isa = PBXBuildFile; fileRef = C3E11391294E2643009939C8 /* ImagePredictor.swift */; };
		C3E11395294E26CC009939C8 /* MobileNetV2.mlmodel in Sources */ = {isa = PBXBuildFile; fileRef = C3E11394294E26CC009939C8 /* MobileNetV2.mlmodel */; };
/* End PBXBuildFile section */

/* Begin PBXFileReference section */
		C390D904293FCAEE00430BDE /* Seeim.app */ = {isa = PBXFileReference; explicitFileType = wrapper.application; includeInIndex = 0; path = Seeim.app; sourceTree = BUILT_PRODUCTS_DIR; };
		C390D907293FCAEE00430BDE /* SeeimApp.swift */ = {isa = PBXFileReference; lastKnownFileType = sourcecode.swift; path = SeeimApp.swift; sourceTree = "<group>"; };
		C390D909293FCAEE00430BDE /* ContentView.swift */ = {isa = PBXFileReference; lastKnownFileType = sourcecode.swift; path = ContentView.swift; sourceTree = "<group>"; };
		C390D90B293FCB0100430BDE /* Assets.xcassets */ = {isa = PBXFileReference; lastKnownFileType = folder.assetcatalog; path = Assets.xcassets; sourceTree = "<group>"; };
		C390D90E293FCB0100430BDE /* Preview Assets.xcassets */ = {isa = PBXFileReference; lastKnownFileType = folder.assetcatalog; path = "Preview Assets.xcassets"; sourceTree = "<group>"; };
		C390D915293FCFBC00430BDE /* PhotoDataDownloadViewModel.swift */ = {isa = PBXFileReference; lastKnownFileType = sourcecode.swift; path = PhotoDataDownloadViewModel.swift; sourceTree = "<group>"; };
		C390D917293FCFCB00430BDE /* PhotoDownloadService.swift */ = {isa = PBXFileReference; lastKnownFileType = sourcecode.swift; path = PhotoDownloadService.swift; sourceTree = "<group>"; };
		C390D919293FD04B00430BDE /* PhotosGalleryView.swift */ = {isa = PBXFileReference; lastKnownFileType = sourcecode.swift; path = PhotosGalleryView.swift; sourceTree = "<group>"; };
		C390D91B293FD0F600430BDE /* PhotoModel.swift */ = {isa = PBXFileReference; lastKnownFileType = sourcecode.swift; path = PhotoModel.swift; sourceTree = "<group>"; };
		C390D91D294265DE00430BDE /* GallerySingleImageView.swift */ = {isa = PBXFileReference; lastKnownFileType = sourcecode.swift; path = GallerySingleImageView.swift; sourceTree = "<group>"; };
		C390D91F2942684200430BDE /* PhotoDownloadViewModel.swift */ = {isa = PBXFileReference; lastKnownFileType = sourcecode.swift; path = PhotoDownloadViewModel.swift; sourceTree = "<group>"; };
		C3E1136A294DEB07009939C8 /* PhotoFullView.swift */ = {isa = PBXFileReference; lastKnownFileType = sourcecode.swift; path = PhotoFullView.swift; sourceTree = "<group>"; };
		C3E11391294E2643009939C8 /* ImagePredictor.swift */ = {isa = PBXFileReference; lastKnownFileType = sourcecode.swift; path = ImagePredictor.swift; sourceTree = "<group>"; };
		C3E11394294E26CC009939C8 /* MobileNetV2.mlmodel */ = {isa = PBXFileReference; lastKnownFileType = file.mlmodel; path = MobileNetV2.mlmodel; sourceTree = "<group>"; };
/* End PBXFileReference section */

/* Begin PBXFrameworksBuildPhase section */
		C390D901293FCAEE00430BDE /* Frameworks */ = {
			isa = PBXFrameworksBuildPhase;
			buildActionMask = 2147483647;
			files = (
			);
			runOnlyForDeploymentPostprocessing = 0;
		};
/* End PBXFrameworksBuildPhase section */

/* Begin PBXGroup section */
		C390D8FB293FCAED00430BDE = {
			isa = PBXGroup;
			children = (
				C390D906293FCAEE00430BDE /* Seeim */,
				C390D905293FCAEE00430BDE /* Products */,
			);
			sourceTree = "<group>";
		};
		C390D905293FCAEE00430BDE /* Products */ = {
			isa = PBXGroup;
			children = (
				C390D904293FCAEE00430BDE /* Seeim.app */,
			);
			name = Products;
			sourceTree = "<group>";
		};
		C390D906293FCAEE00430BDE /* Seeim */ = {
			isa = PBXGroup;
			children = (
				C3E11393294E26BF009939C8 /* MLmodel */,
				C390D907293FCAEE00430BDE /* SeeimApp.swift */,
				C390D909293FCAEE00430BDE /* ContentView.swift */,
				C390D915293FCFBC00430BDE /* PhotoDataDownloadViewModel.swift */,
				C390D917293FCFCB00430BDE /* PhotoDownloadService.swift */,
				C390D919293FD04B00430BDE /* PhotosGalleryView.swift */,
				C390D91B293FD0F600430BDE /* PhotoModel.swift */,
				C390D90B293FCB0100430BDE /* Assets.xcassets */,
				C390D90D293FCB0100430BDE /* Preview Content */,
				C390D91D294265DE00430BDE /* GallerySingleImageView.swift */,
				C390D91F2942684200430BDE /* PhotoDownloadViewModel.swift */,
				C3E1136A294DEB07009939C8 /* PhotoFullView.swift */,
				C3E11391294E2643009939C8 /* ImagePredictor.swift */,
			);
			path = Seeim;
			sourceTree = "<group>";
		};
		C390D90D293FCB0100430BDE /* Preview Content */ = {
			isa = PBXGroup;
			children = (
				C390D90E293FCB0100430BDE /* Preview Assets.xcassets */,
			);
			path = "Preview Content";
			sourceTree = "<group>";
		};
		C3E11393294E26BF009939C8 /* MLmodel */ = {
			isa = PBXGroup;
			children = (
				C3E11394294E26CC009939C8 /* MobileNetV2.mlmodel */,
			);
			path = MLmodel;
			sourceTree = "<group>";
		};
/* End PBXGroup section */

/* Begin PBXNativeTarget section */
		C390D903293FCAEE00430BDE /* Seeim */ = {
			isa = PBXNativeTarget;
			buildConfigurationList = C390D912293FCB0100430BDE /* Build configuration list for PBXNativeTarget "Seeim" */;
			buildPhases = (
				C390D900293FCAEE00430BDE /* Sources */,
				C390D901293FCAEE00430BDE /* Frameworks */,
				C390D902293FCAEE00430BDE /* Resources */,
			);
			buildRules = (
			);
			dependencies = (
			);
			name = Seeim;
			productName = Seeim;
			productReference = C390D904293FCAEE00430BDE /* Seeim.app */;
			productType = "com.apple.product-type.application";
		};
/* End PBXNativeTarget section */

/* Begin PBXProject section */
		C390D8FC293FCAED00430BDE /* Project object */ = {
			isa = PBXProject;
			attributes = {
				BuildIndependentTargetsInParallel = 1;
				LastSwiftUpdateCheck = 1310;
				LastUpgradeCheck = 1310;
				TargetAttributes = {
					C390D903293FCAEE00430BDE = {
						CreatedOnToolsVersion = 13.1;
					};
				};
			};
			buildConfigurationList = C390D8FF293FCAED00430BDE /* Build configuration list for PBXProject "Seeim" */;
			compatibilityVersion = "Xcode 13.0";
			developmentRegion = en;
			hasScannedForEncodings = 0;
			knownRegions = (
				en,
				Base,
			);
			mainGroup = C390D8FB293FCAED00430BDE;
			productRefGroup = C390D905293FCAEE00430BDE /* Products */;
			projectDirPath = "";
			projectRoot = "";
			targets = (
				C390D903293FCAEE00430BDE /* Seeim */,
			);
		};
/* End PBXProject section */

/* Begin PBXResourcesBuildPhase section */
		C390D902293FCAEE00430BDE /* Resources */ = {
			isa = PBXResourcesBuildPhase;
			buildActionMask = 2147483647;
			files = (
				C390D90F293FCB0100430BDE /* Preview Assets.xcassets in Resources */,
				C390D90C293FCB0100430BDE /* Assets.xcassets in Resources */,
			);
			runOnlyForDeploymentPostprocessing = 0;
		};
/* End PBXResourcesBuildPhase section */

/* Begin PBXSourcesBuildPhase section */
		C390D900293FCAEE00430BDE /* Sources */ = {
			isa = PBXSourcesBuildPhase;
			buildActionMask = 2147483647;
			files = (
				C390D91E294265DE00430BDE /* GallerySingleImageView.swift in Sources */,
				C390D91C293FD0F600430BDE /* PhotoModel.swift in Sources */,
				C390D90A293FCAEE00430BDE /* ContentView.swift in Sources */,
				C390D918293FCFCB00430BDE /* PhotoDownloadService.swift in Sources */,
				C3E11392294E2643009939C8 /* ImagePredictor.swift in Sources */,
				C390D916293FCFBC00430BDE /* PhotoDataDownloadViewModel.swift in Sources */,
				C3E1136B294DEB07009939C8 /* PhotoFullView.swift in Sources */,
				C390D9202942684200430BDE /* PhotoDownloadViewModel.swift in Sources */,
				C390D91A293FD04B00430BDE /* PhotosGalleryView.swift in Sources */,
				C3E11395294E26CC009939C8 /* MobileNetV2.mlmodel in Sources */,
				C390D908293FCAEE00430BDE /* SeeimApp.swift in Sources */,
			);
			runOnlyForDeploymentPostprocessing = 0;
		};
/* End PBXSourcesBuildPhase section */

/* Begin XCBuildConfiguration section */
		C390D910293FCB0100430BDE /* Debug */ = {
			isa = XCBuildConfiguration;
			buildSettings = {
				ALWAYS_SEARCH_USER_PATHS = NO;
				CLANG_ANALYZER_NONNULL = YES;
				CLANG_ANALYZER_NUMBER_OBJECT_CONVERSION = YES_AGGRESSIVE;
				CLANG_CXX_LANGUAGE_STANDARD = "gnu++17";
				CLANG_CXX_LIBRARY = "libc++";
				CLANG_ENABLE_MODULES = YES;
				CLANG_ENABLE_OBJC_ARC = YES;
				CLANG_ENABLE_OBJC_WEAK = YES;
				CLANG_WARN_BLOCK_CAPTURE_AUTORELEASING = YES;
				CLANG_WARN_BOOL_CONVERSION = YES;
				CLANG_WARN_COMMA = YES;
				CLANG_WARN_CONSTANT_CONVERSION = YES;
				CLANG_WARN_DEPRECATED_OBJC_IMPLEMENTATIONS = YES;
				CLANG_WARN_DIRECT_OBJC_ISA_USAGE = YES_ERROR;
				CLANG_WARN_DOCUMENTATION_COMMENTS = YES;
				CLANG_WARN_EMPTY_BODY = YES;
				CLANG_WARN_ENUM_CONVERSION = YES;
				CLANG_WARN_INFINITE_RECURSION = YES;
				CLANG_WARN_INT_CONVERSION = YES;
				CLANG_WARN_NON_LITERAL_NULL_CONVERSION = YES;
				CLANG_WARN_OBJC_IMPLICIT_RETAIN_SELF = YES;
				CLANG_WARN_OBJC_LITERAL_CONVERSION = YES;
				CLANG_WARN_OBJC_ROOT_CLASS = YES_ERROR;
				CLANG_WARN_QUOTED_INCLUDE_IN_FRAMEWORK_HEADER = YES;
				CLANG_WARN_RANGE_LOOP_ANALYSIS = YES;
				CLANG_WARN_STRICT_PROTOTYPES = YES;
				CLANG_WARN_SUSPICIOUS_MOVE = YES;
				CLANG_WARN_UNGUARDED_AVAILABILITY = YES_AGGRESSIVE;
				CLANG_WARN_UNREACHABLE_CODE = YES;
				CLANG_WARN__DUPLICATE_METHOD_MATCH = YES;
				COPY_PHASE_STRIP = NO;
				DEBUG_INFORMATION_FORMAT = dwarf;
				ENABLE_STRICT_OBJC_MSGSEND = YES;
				ENABLE_TESTABILITY = YES;
				GCC_C_LANGUAGE_STANDARD = gnu11;
				GCC_DYNAMIC_NO_PIC = NO;
				GCC_NO_COMMON_BLOCKS = YES;
				GCC_OPTIMIZATION_LEVEL = 0;
				GCC_PREPROCESSOR_DEFINITIONS = (
					"DEBUG=1",
					"$(inherited)",
				);
				GCC_WARN_64_TO_32_BIT_CONVERSION = YES;
				GCC_WARN_ABOUT_RETURN_TYPE = YES_ERROR;
				GCC_WARN_UNDECLARED_SELECTOR = YES;
				GCC_WARN_UNINITIALIZED_AUTOS = YES_AGGRESSIVE;
				GCC_WARN_UNUSED_FUNCTION = YES;
				GCC_WARN_UNUSED_VARIABLE = YES;
				IPHONEOS_DEPLOYMENT_TARGET = 15.0;
				MTL_ENABLE_DEBUG_INFO = INCLUDE_SOURCE;
				MTL_FAST_MATH = YES;
				ONLY_ACTIVE_ARCH = YES;
				SDKROOT = iphoneos;
				SWIFT_ACTIVE_COMPILATION_CONDITIONS = DEBUG;
				SWIFT_OPTIMIZATION_LEVEL = "-Onone";
			};
			name = Debug;
		};
		C390D911293FCB0100430BDE /* Release */ = {
			isa = XCBuildConfiguration;
			buildSettings = {
				ALWAYS_SEARCH_USER_PATHS = NO;
				CLANG_ANALYZER_NONNULL = YES;
				CLANG_ANALYZER_NUMBER_OBJECT_CONVERSION = YES_AGGRESSIVE;
				CLANG_CXX_LANGUAGE_STANDARD = "gnu++17";
				CLANG_CXX_LIBRARY = "libc++";
				CLANG_ENABLE_MODULES = YES;
				CLANG_ENABLE_OBJC_ARC = YES;
				CLANG_ENABLE_OBJC_WEAK = YES;
				CLANG_WARN_BLOCK_CAPTURE_AUTORELEASING = YES;
				CLANG_WARN_BOOL_CONVERSION = YES;
				CLANG_WARN_COMMA = YES;
				CLANG_WARN_CONSTANT_CONVERSION = YES;
				CLANG_WARN_DEPRECATED_OBJC_IMPLEMENTATIONS = YES;
				CLANG_WARN_DIRECT_OBJC_ISA_USAGE = YES_ERROR;
				CLANG_WARN_DOCUMENTATION_COMMENTS = YES;
				CLANG_WARN_EMPTY_BODY = YES;
				CLANG_WARN_ENUM_CONVERSION = YES;
				CLANG_WARN_INFINITE_RECURSION = YES;
				CLANG_WARN_INT_CONVERSION = YES;
				CLANG_WARN_NON_LITERAL_NULL_CONVERSION = YES;
				CLANG_WARN_OBJC_IMPLICIT_RETAIN_SELF = YES;
				CLANG_WARN_OBJC_LITERAL_CONVERSION = YES;
				CLANG_WARN_OBJC_ROOT_CLASS = YES_ERROR;
				CLANG_WARN_QUOTED_INCLUDE_IN_FRAMEWORK_HEADER = YES;
				CLANG_WARN_RANGE_LOOP_ANALYSIS = YES;
				CLANG_WARN_STRICT_PROTOTYPES = YES;
				CLANG_WARN_SUSPICIOUS_MOVE = YES;
				CLANG_WARN_UNGUARDED_AVAILABILITY = YES_AGGRESSIVE;
				CLANG_WARN_UNREACHABLE_CODE = YES;
				CLANG_WARN__DUPLICATE_METHOD_MATCH = YES;
				COPY_PHASE_STRIP = NO;
				DEBUG_INFORMATION_FORMAT = "dwarf-with-dsym";
				ENABLE_NS_ASSERTIONS = NO;
				ENABLE_STRICT_OBJC_MSGSEND = YES;
				GCC_C_LANGUAGE_STANDARD = gnu11;
				GCC_NO_COMMON_BLOCKS = YES;
				GCC_WARN_64_TO_32_BIT_CONVERSION = YES;
				GCC_WARN_ABOUT_RETURN_TYPE = YES_ERROR;
				GCC_WARN_UNDECLARED_SELECTOR = YES;
				GCC_WARN_UNINITIALIZED_AUTOS = YES_AGGRESSIVE;
				GCC_WARN_UNUSED_FUNCTION = YES;
				GCC_WARN_UNUSED_VARIABLE = YES;
				IPHONEOS_DEPLOYMENT_TARGET = 15.0;
				MTL_ENABLE_DEBUG_INFO = NO;
				MTL_FAST_MATH = YES;
				SDKROOT = iphoneos;
				SWIFT_COMPILATION_MODE = wholemodule;
				SWIFT_OPTIMIZATION_LEVEL = "-O";
				VALIDATE_PRODUCT = YES;
			};
			name = Release;
		};
		C390D913293FCB0100430BDE /* Debug */ = {
			isa = XCBuildConfiguration;
			buildSettings = {
				ASSETCATALOG_COMPILER_APPICON_NAME = AppIcon;
				ASSETCATALOG_COMPILER_GLOBAL_ACCENT_COLOR_NAME = AccentColor;
				CODE_SIGN_STYLE = Automatic;
				CURRENT_PROJECT_VERSION = 1;
				DEVELOPMENT_ASSET_PATHS = "\"Seeim/Preview Content\"";
				DEVELOPMENT_TEAM = TFF9P2QP4C;
				ENABLE_PREVIEWS = YES;
				GENERATE_INFOPLIST_FILE = YES;
				INFOPLIST_KEY_UIApplicationSceneManifest_Generation = YES;
				INFOPLIST_KEY_UIApplicationSupportsIndirectInputEvents = YES;
				INFOPLIST_KEY_UILaunchScreen_Generation = YES;
				INFOPLIST_KEY_UISupportedInterfaceOrientations_iPad = "UIInterfaceOrientationPortrait UIInterfaceOrientationPortraitUpsideDown UIInterfaceOrientationLandscapeLeft UIInterfaceOrientationLandscapeRight";
				INFOPLIST_KEY_UISupportedInterfaceOrientations_iPhone = "UIInterfaceOrientationPortrait UIInterfaceOrientationLandscapeLeft UIInterfaceOrientationLandscapeRight";
				LD_RUNPATH_SEARCH_PATHS = (
					"$(inherited)",
					"@executable_path/Frameworks",
				);
				MARKETING_VERSION = 1.0;
				PRODUCT_BUNDLE_IDENTIFIER = com.example.Seeim;
				PRODUCT_NAME = "$(TARGET_NAME)";
				SWIFT_EMIT_LOC_STRINGS = YES;
				SWIFT_VERSION = 5.0;
				TARGETED_DEVICE_FAMILY = "1,2";
			};
			name = Debug;
		};
		C390D914293FCB0100430BDE /* Release */ = {
			isa = XCBuildConfiguration;
			buildSettings = {
				ASSETCATALOG_COMPILER_APPICON_NAME = AppIcon;
				ASSETCATALOG_COMPILER_GLOBAL_ACCENT_COLOR_NAME = AccentColor;
				CODE_SIGN_STYLE = Automatic;
				CURRENT_PROJECT_VERSION = 1;
				DEVELOPMENT_ASSET_PATHS = "\"Seeim/Preview Content\"";
				DEVELOPMENT_TEAM = TFF9P2QP4C;
				ENABLE_PREVIEWS = YES;
				GENERATE_INFOPLIST_FILE = YES;
				INFOPLIST_KEY_UIApplicationSceneManifest_Generation = YES;
				INFOPLIST_KEY_UIApplicationSupportsIndirectInputEvents = YES;
				INFOPLIST_KEY_UILaunchScreen_Generation = YES;
				INFOPLIST_KEY_UISupportedInterfaceOrientations_iPad = "UIInterfaceOrientationPortrait UIInterfaceOrientationPortraitUpsideDown UIInterfaceOrientationLandscapeLeft UIInterfaceOrientationLandscapeRight";
				INFOPLIST_KEY_UISupportedInterfaceOrientations_iPhone = "UIInterfaceOrientationPortrait UIInterfaceOrientationLandscapeLeft UIInterfaceOrientationLandscapeRight";
				LD_RUNPATH_SEARCH_PATHS = (
					"$(inherited)",
					"@executable_path/Frameworks",
				);
				MARKETING_VERSION = 1.0;
				PRODUCT_BUNDLE_IDENTIFIER = com.example.Seeim;
				PRODUCT_NAME = "$(TARGET_NAME)";
				SWIFT_EMIT_LOC_STRINGS = YES;
				SWIFT_VERSION = 5.0;
				TARGETED_DEVICE_FAMILY = "1,2";
			};
			name = Release;
		};
/* End XCBuildConfiguration section */

/* Begin XCConfigurationList section */
		C390D8FF293FCAED00430BDE /* Build configuration list for PBXProject "Seeim" */ = {
			isa = XCConfigurationList;
			buildConfigurations = (
				C390D910293FCB0100430BDE /* Debug */,
				C390D911293FCB0100430BDE /* Release */,
			);
			defaultConfigurationIsVisible = 0;
			defaultConfigurationName = Release;
		};
		C390D912293FCB0100430BDE /* Build configuration list for PBXNativeTarget "Seeim" */ = {
			isa = XCConfigurationList;
			buildConfigurations = (
				C390D913293FCB0100430BDE /* Debug */,
				C390D914293FCB0100430BDE /* Release */,
			);
			defaultConfigurationIsVisible = 0;
			defaultConfigurationName = Release;
		};
/* End XCConfigurationList section */
	};
	rootObject = C390D8FC293FCAED00430BDE /* Project object */;
}
